FORGE
  remote: https://forgeapi.puppetlabs.com
  specs:
    ceritsc-tmpreaper (0.9.2)
      puppetlabs-stdlib (>= 4.0.0)
    counsyl-packer (0.9.18)
      counsyl-sys (< 2.0.0, >= 0.9.18)
    garethr-docker (5.3.0)
      puppetlabs-apt (<= 3.0.0, >= 1.8.0)
      puppetlabs-stdlib (>= 4.1.0)
      stahnma-epel (>= 0.0.6)
    golja-gnupg (1.2.3)
    inkblot-terraform (1.0.1)
      nanliu-staging (>= 0)
    jgazeley-lm_sensors (0.2.2)
    maestrodev-rvm (1.13.1)
      golja-gnupg (>= 1.2.0)
      puppetlabs-stdlib (>= 4.2.0)
    maestrodev-wget (1.7.3)
    nanliu-staging (1.0.3)
    puppet-nodejs (2.2.0)
      puppetlabs-stdlib (< 5.0.0, >= 4.1.0)
    puppet-staging (2.1.0)
    puppet-virtualbox (1.7.3)
      puppetlabs-apt (< 3.0.0, >= 2.1.0)
      puppetlabs-stdlib (< 5.0.0, >= 4.8.0)
      stahnma-epel (< 2.0.0, >= 1.0.0)
    puppetlabs-apt (2.3.0)
      puppetlabs-stdlib (< 5.0.0, >= 4.5.0)
    puppetlabs-concat (2.2.0)
      puppetlabs-stdlib (< 5.0.0, >= 4.2.0)
    puppetlabs-git (0.5.0)
      puppetlabs-stdlib (>= 3.2.0)
    puppetlabs-java (1.6.0)
      puppetlabs-stdlib (< 5.0.0, >= 2.4.0)
    puppetlabs-mysql (3.10.0)
      puppet-staging (< 3.0.0, >= 1.0.1)
      puppetlabs-stdlib (< 5.0.0, >= 3.2.0)
    puppetlabs-ntp (6.0.0)
      puppetlabs-stdlib (< 5.0.0, >= 4.13.1)
    puppetlabs-stdlib (4.14.0)
    puppetlabs-vcsrepo (1.5.0)
    saz-ssh (2.9.1)
      puppetlabs-concat (>= 1.0.0)
      puppetlabs-stdlib (>= 2.2.1)
    saz-sudo (3.1.0)
      puppetlabs-stdlib (< 5.0.0, >= 2.3.0)
    saz-timezone (3.3.0)
      puppetlabs-stdlib (>= 2.3.0)
    stahnma-epel (1.2.2)
      puppetlabs-stdlib (>= 3.0.0)
    stankevich-python (1.18.2)
      puppetlabs-stdlib (< 6.0.0, >= 4.6.0)
      stahnma-epel (< 2.0.0, >= 1.2.2)
    unibet-vagrant (0.2.1)
      puppetlabs-stdlib (>= 0)

GIT
  remote: https://github.com/joshuaspence/puppet-sys
  ref: master
  sha: deb14574487f4d396cdc3a502f86574fdbe43d51
  specs:
    counsyl-sys (0.9.19)
      puppetlabs-stdlib (< 5.0.0, >= 4.7.0)

DEPENDENCIES
  ceritsc-tmpreaper (= 0.9.2)
  counsyl-packer (= 0.9.18)
  counsyl-sys (>= 0)
  garethr-docker (= 5.3.0)
  inkblot-terraform (= 1.0.1)
  jgazeley-lm_sensors (= 0.2.2)
  maestrodev-rvm (= 1.13.1)
  maestrodev-wget (= 1.7.3)
  puppet-nodejs (= 2.2.0)
  puppet-virtualbox (= 1.7.3)
  puppetlabs-apt (= 2.3.0)
  puppetlabs-git (= 0.5.0)
  puppetlabs-java (= 1.6.0)
  puppetlabs-mysql (= 3.10.0)
  puppetlabs-ntp (= 6.0.0)
  puppetlabs-stdlib (>= 0)
  puppetlabs-vcsrepo (= 1.5.0)
  saz-ssh (= 2.9.1)
  saz-sudo (= 3.1.0)
  saz-timezone (= 3.3.0)
  stankevich-python (= 1.18.2)
  unibet-vagrant (= 0.2.1)

